
Microsoft Visual Studio Solution File, Format Version 11.00
# Visual Studio 2010
Project("{FAE04EC0-301F-11D3-BF4B-00C04F79EFBC}") = "Assembly-CSharp", "Assembly-CSharp.csproj", "{fd50034d-5bfc-ab29-1bd0-e422f70344ce}"
EndProject
Global
	GlobalSection(SolutionConfigurationPlatforms) = preSolution
		Debug|Any CPU = Debug|Any CPU
		Release|Any CPU = Release|Any CPU
	EndGlobalSection
	GlobalSection(ProjectConfigurationPlatforms) = postSolution
		{fd50034d-5bfc-ab29-1bd0-e422f70344ce}.Debug|Any CPU.ActiveCfg = Debug|Any CPU
		{fd50034d-5bfc-ab29-1bd0-e422f70344ce}.Debug|Any CPU.Build.0 = Debug|Any CPU
		{fd50034d-5bfc-ab29-1bd0-e422f70344ce}.Release|Any CPU.ActiveCfg = Release|Any CPU
		{fd50034d-5bfc-ab29-1bd0-e422f70344ce}.Release|Any CPU.Build.0 = Release|Any CPU
	EndGlobalSection
	GlobalSection(SolutionProperties) = preSolution
		HideSolutionNode = FALSE
	EndGlobalSection
EndGlobal
